{
  "name": "RNAMCTest",
  "lockfileVersion": 3,
  "requires": true,
  "packages": {
    "": {
      "dependencies": {
        "babylonjs": "^8.12.1"
      }
    },
    "node_modules/babylonjs": {
      "version": "8.12.1",
      "resolved": "https://registry.npmjs.org/babylonjs/-/babylonjs-8.12.1.tgz",
      "integrity": "sha512-8tVrUXMr2v0QkcNPRwNbgEiW1VqRqwso9yFvbvaYMYTjpJYcaB+wx/9LhjK6fvTR9wLL7F6KLP4JzW6aclhytA==",
      "hasInstallScript": true,
      "license": "Apache-2.0"
    }
  }
}
